github.com/CaiJimmy/hugo-theme-stack/v3 v3.21.0 h1:GT519sWiMhJCYO2xkxgjTvgGZsfP31Q79OURWGTT8/Y=
github.com/CaiJimmy/hugo-theme-stack/v3 v3.21.0/go.mod h1:IPmCXiIxlFSLFYS0tOmYP6ySLviyeNVSabyvSuaxD+I=
github.com/CaiJimmy/hugo-theme-stack/v4 v4.0.0-alpha.2 h1:DNqBNwhS4Ohhx018FCMK5DNpvQJrZk4/ITRe4tJ9t6o=
github.com/CaiJimmy/hugo-theme-stack/v4 v4.0.0-alpha.2/go.mod h1:6SWZIQIut6uVjxhLraexYzgtdNDrod0xnfM/to6D/1I=
